{
  "name": "mern_ecommerce",
  "version": "1.0.0",
  "lockfileVersion": 3,
  "requires": true,
  "packages": {
    "": {
      "name": "mern_ecommerce",
      "version": "1.0.0",
      "license": "ISC",
      "dependencies": {
        "@mui/icons-material": "^5.11.16"
      }
    },
    "node_modules/@babel/runtime": {
      "version": "7.21.0",
      "license": "MIT",
      "dependencies": {
        "regenerator-runtime": "^0.13.11"
      },
      "engines": {
        "node": ">=6.9.0"
      }
    },
    "node_modules/@emotion/cache": {
      "version": "11.10.7",
      "license": "MIT",
      "peer": true,
      "dependencies": {
        "@emotion/memoize": "^0.8.0",
        "@emotion/sheet": "^1.2.1",
        "@emotion/utils": "^1.2.0",
        "@emotion/weak-memoize": "^0.3.0",
        "stylis": "4.1.3"
      }
    },
    "node_modules/@emotion/is-prop-valid": {
      "version": "1.2.0",
      "license": "MIT",
      "peer": true,
      "dependencies": {
        "@emotion/memoize": "^0.8.0"
      }
    },
    "node_modules/@emotion/memoize": {
      "version": "0.8.0",
      "license": "MIT",
      "peer": true
    },
    "node_modules/@emotion/sheet": {
      "version": "1.2.1",
      "license": "MIT",
      "peer": true
    },
    "node_modules/@emotion/utils": {
      "version": "1.2.0",
      "license": "MIT",
      "peer": true
    },
    "node_modules/@emotion/weak-memoize": {
      "version": "0.3.0",
      "license": "MIT",
      "peer": true
    },
    "node_modules/@mui/base": {
      "version": "5.0.0-alpha.127",
      "license": "MIT",
      "peer": true,
      "dependencies": {
        "@babel/runtime": "^7.21.0",
        "@emotion/is-prop-valid": "^1.2.0",
        "@mui/types": "^7.2.4",
        "@mui/utils": "^5.12.0",
        "@popperjs/core": "^2.11.7",
        "clsx": "^1.2.1",
        "prop-types": "^15.8.1",
        "react-is": "^18.2.0"
      },
      "engines": {
        "node": ">=12.0.0"
      },
      "funding": {
        "type": "opencollective",
        "url": "https://opencollective.com/mui"
      },
      "peerDependencies": {
        "@types/react": "^17.0.0 || ^18.0.0",
        "react": "^17.0.0 || ^18.0.0",
        "react-dom": "^17.0.0 || ^18.0.0"
      },
      "peerDependenciesMeta": {
        "@types/react": {
          "optional": true
        }
      }
    },
    "node_modules/@mui/core-downloads-tracker": {
      "version": "5.12.2",
      "license": "MIT",
      "peer": true,
      "funding": {
        "type": "opencollective",
        "url": "https://opencollective.com/mui"
      }
    },
    "node_modules/@mui/icons-material": {
      "version": "5.11.16",
      "resolved": "https://registry.npmjs.org/@mui/icons-material/-/icons-material-5.11.16.tgz",
      "integrity": "sha512-oKkx9z9Kwg40NtcIajF9uOXhxiyTZrrm9nmIJ4UjkU2IdHpd4QVLbCc/5hZN/y0C6qzi2Zlxyr9TGddQx2vx2A==",
      "dependencies": {
        "@babel/runtime": "^7.21.0"
      },
      "engines": {
        "node": ">=12.0.0"
      },
      "funding": {
        "type": "opencollective",
        "url": "https://opencollective.com/mui"
      },
      "peerDependencies": {
        "@mui/material": "^5.0.0",
        "@types/react": "^17.0.0 || ^18.0.0",
        "react": "^17.0.0 || ^18.0.0"
      },
      "peerDependenciesMeta": {
        "@types/react": {
          "optional": true
        }
      }
    },
    "node_modules/@mui/material": {
      "version": "5.12.2",
      "license": "MIT",
      "peer": true,
      "dependencies": {
        "@babel/runtime": "^7.21.0",
        "@mui/base": "5.0.0-alpha.127",
        "@mui/core-downloads-tracker": "^5.12.2",
        "@mui/system": "^5.12.1",
        "@mui/types": "^7.2.4",
        "@mui/utils": "^5.12.0",
        "@types/react-transition-group": "^4.4.5",
        "clsx": "^1.2.1",
        "csstype": "^3.1.2",
        "prop-types": "^15.8.1",
        "react-is": "^18.2.0",
        "react-transition-group": "^4.4.5"
      },
      "engines": {
        "node": ">=12.0.0"
      },
      "funding": {
        "type": "opencollective",
        "url": "https://opencollective.com/mui"
      },
      "peerDependencies": {
        "@emotion/react": "^11.5.0",
        "@emotion/styled": "^11.3.0",
        "@types/react": "^17.0.0 || ^18.0.0",
        "react": "^17.0.0 || ^18.0.0",
        "react-dom": "^17.0.0 || ^18.0.0"
      },
      "peerDependenciesMeta": {
        "@emotion/react": {
          "optional": true
        },
        "@emotion/styled": {
          "optional": true
        },
        "@types/react": {
          "optional": true
        }
      }
    },
    "node_modules/@mui/private-theming": {
      "version": "5.12.0",
      "license": "MIT",
      "peer": true,
      "dependencies": {
        "@babel/runtime": "^7.21.0",
        "@mui/utils": "^5.12.0",
        "prop-types": "^15.8.1"
      },
      "engines": {
        "node": ">=12.0.0"
      },
      "funding": {
        "type": "opencollective",
        "url": "https://opencollective.com/mui"
      },
      "peerDependencies": {
        "@types/react": "^17.0.0 || ^18.0.0",
        "react": "^17.0.0 || ^18.0.0"
      },
      "peerDependenciesMeta": {
        "@types/react": {
          "optional": true
        }
      }
    },
    "node_modules/@mui/styled-engine": {
      "version": "5.12.0",
      "license": "MIT",
      "peer": true,
      "dependencies": {
        "@babel/runtime": "^7.21.0",
        "@emotion/cache": "^11.10.7",
        "csstype": "^3.1.2",
        "prop-types": "^15.8.1"
      },
      "engines": {
        "node": ">=12.0.0"
      },
      "funding": {
        "type": "opencollective",
        "url": "https://opencollective.com/mui"
      },
      "peerDependencies": {
        "@emotion/react": "^11.4.1",
        "@emotion/styled": "^11.3.0",
        "react": "^17.0.0 || ^18.0.0"
      },
      "peerDependenciesMeta": {
        "@emotion/react": {
          "optional": true
        },
        "@emotion/styled": {
          "optional": true
        }
      }
    },
    "node_modules/@mui/system": {
      "version": "5.12.1",
      "license": "MIT",
      "peer": true,
      "dependencies": {
        "@babel/runtime": "^7.21.0",
        "@mui/private-theming": "^5.12.0",
        "@mui/styled-engine": "^5.12.0",
        "@mui/types": "^7.2.4",
        "@mui/utils": "^5.12.0",
        "clsx": "^1.2.1",
        "csstype": "^3.1.2",
        "prop-types": "^15.8.1"
      },
      "engines": {
        "node": ">=12.0.0"
      },
      "funding": {
        "type": "opencollective",
        "url": "https://opencollective.com/mui"
      },
      "peerDependencies": {
        "@emotion/react": "^11.5.0",
        "@emotion/styled": "^11.3.0",
        "@types/react": "^17.0.0 || ^18.0.0",
        "react": "^17.0.0 || ^18.0.0"
      },
      "peerDependenciesMeta": {
        "@emotion/react": {
          "optional": true
        },
        "@emotion/styled": {
          "optional": true
        },
        "@types/react": {
          "optional": true
        }
      }
    },
    "node_modules/@mui/types": {
      "version": "7.2.4",
      "license": "MIT",
      "peer": true,
      "peerDependencies": {
        "@types/react": "*"
      },
      "peerDependenciesMeta": {
        "@types/react": {
          "optional": true
        }
      }
    },
    "node_modules/@mui/utils": {
      "version": "5.12.0",
      "license": "MIT",
      "peer": true,
      "dependencies": {
        "@babel/runtime": "^7.21.0",
        "@types/prop-types": "^15.7.5",
        "@types/react-is": "^16.7.1 || ^17.0.0",
        "prop-types": "^15.8.1",
        "react-is": "^18.2.0"
      },
      "engines": {
        "node": ">=12.0.0"
      },
      "funding": {
        "type": "opencollective",
        "url": "https://opencollective.com/mui"
      },
      "peerDependencies": {
        "react": "^17.0.0 || ^18.0.0"
      }
    },
    "node_modules/@popperjs/core": {
      "version": "2.11.7",
      "license": "MIT",
      "peer": true,
      "funding": {
        "type": "opencollective",
        "url": "https://opencollective.com/popperjs"
      }
    },
    "node_modules/@types/prop-types": {
      "version": "15.7.5",
      "license": "MIT",
      "peer": true
    },
    "node_modules/@types/react": {
      "version": "17.0.58",
      "license": "MIT",
      "peer": true,
      "dependencies": {
        "@types/prop-types": "*",
        "@types/scheduler": "*",
        "csstype": "^3.0.2"
      }
    },
    "node_modules/@types/react-is": {
      "version": "17.0.4",
      "license": "MIT",
      "peer": true,
      "dependencies": {
        "@types/react": "^17"
      }
    },
    "node_modules/@types/react-transition-group": {
      "version": "4.4.5",
      "license": "MIT",
      "peer": true,
      "dependencies": {
        "@types/react": "*"
      }
    },
    "node_modules/@types/scheduler": {
      "version": "0.16.3",
      "license": "MIT",
      "peer": true
    },
    "node_modules/clsx": {
      "version": "1.2.1",
      "license": "MIT",
      "peer": true,
      "engines": {
        "node": ">=6"
      }
    },
    "node_modules/csstype": {
      "version": "3.1.2",
      "license": "MIT",
      "peer": true
    },
    "node_modules/dom-helpers": {
      "version": "5.2.1",
      "license": "MIT",
      "peer": true,
      "dependencies": {
        "@babel/runtime": "^7.8.7",
        "csstype": "^3.0.2"
      }
    },
    "node_modules/js-tokens": {
      "version": "4.0.0",
      "license": "MIT",
      "peer": true
    },
    "node_modules/loose-envify": {
      "version": "1.4.0",
      "license": "MIT",
      "peer": true,
      "dependencies": {
        "js-tokens": "^3.0.0 || ^4.0.0"
      },
      "bin": {
        "loose-envify": "cli.js"
      }
    },
    "node_modules/object-assign": {
      "version": "4.1.1",
      "license": "MIT",
      "peer": true,
      "engines": {
        "node": ">=0.10.0"
      }
    },
    "node_modules/prop-types": {
      "version": "15.8.1",
      "license": "MIT",
      "peer": true,
      "dependencies": {
        "loose-envify": "^1.4.0",
        "object-assign": "^4.1.1",
        "react-is": "^16.13.1"
      }
    },
    "node_modules/prop-types/node_modules/react-is": {
      "version": "16.13.1",
      "license": "MIT",
      "peer": true
    },
    "node_modules/react": {
      "version": "18.2.0",
      "license": "MIT",
      "peer": true,
      "dependencies": {
        "loose-envify": "^1.1.0"
      },
      "engines": {
        "node": ">=0.10.0"
      }
    },
    "node_modules/react-dom": {
      "version": "18.2.0",
      "license": "MIT",
      "peer": true,
      "dependencies": {
        "loose-envify": "^1.1.0",
        "scheduler": "^0.23.0"
      },
      "peerDependencies": {
        "react": "^18.2.0"
      }
    },
    "node_modules/react-is": {
      "version": "18.2.0",
      "license": "MIT",
      "peer": true
    },
    "node_modules/react-transition-group": {
      "version": "4.4.5",
      "license": "BSD-3-Clause",
      "peer": true,
      "dependencies": {
        "@babel/runtime": "^7.5.5",
        "dom-helpers": "^5.0.1",
        "loose-envify": "^1.4.0",
        "prop-types": "^15.6.2"
      },
      "peerDependencies": {
        "react": ">=16.6.0",
        "react-dom": ">=16.6.0"
      }
    },
    "node_modules/regenerator-runtime": {
      "version": "0.13.11",
      "license": "MIT"
    },
    "node_modules/scheduler": {
      "version": "0.23.0",
      "license": "MIT",
      "peer": true,
      "dependencies": {
        "loose-envify": "^1.1.0"
      }
    },
    "node_modules/stylis": {
      "version": "4.1.3",
      "license": "MIT",
      "peer": true
    }
  }
}
